// !$*UTF8*$!
{
	archiveVersion = 1;
	classes = {
	};
	objectVersion = 48;
	objects = {

/* Begin PBXBuildFile section */
		814AADB382C2A44516535B67 /* libPods-RAC_LoginVew.a in Frameworks */ = {isa = PBXBuildFile; fileRef = 6689947EB033B3CA9A8C6BDE /* libPods-RAC_LoginVew.a */; };
		87D05F3B1FDB867700FD2038 /* AppDelegate.m in Sources */ = {isa = PBXBuildFile; fileRef = 87D05F3A1FDB867700FD2038 /* AppDelegate.m */; };
		87D05F3E1FDB867700FD2038 /* ViewController.m in Sources */ = {isa = PBXBuildFile; fileRef = 87D05F3D1FDB867700FD2038 /* ViewController.m */; };
		87D05F411FDB867700FD2038 /* Main.storyboard in Resources */ = {isa = PBXBuildFile; fileRef = 87D05F3F1FDB867700FD2038 /* Main.storyboard */; };
		87D05F431FDB867700FD2038 /* Assets.xcassets in Resources */ = {isa = PBXBuildFile; fileRef = 87D05F421FDB867700FD2038 /* Assets.xcassets */; };
		87D05F461FDB867700FD2038 /* LaunchScreen.storyboard in Resources */ = {isa = PBXBuildFile; fileRef = 87D05F441FDB867700FD2038 /* LaunchScreen.storyboard */; };
		87D05F491FDB867700FD2038 /* main.m in Sources */ = {isa = PBXBuildFile; fileRef = 87D05F481FDB867700FD2038 /* main.m */; };
/* End PBXBuildFile section */

/* Begin PBXFileReference section */
		34D8AABC12A390EEF931DEE1 /* Pods-RAC_LoginVew.debug.xcconfig */ = {isa = PBXFileReference; includeInIndex = 1; lastKnownFileType = text.xcconfig; name = "Pods-RAC_LoginVew.debug.xcconfig"; path = "Pods/Target Support Files/Pods-RAC_LoginVew/Pods-RAC_LoginVew.debug.xcconfig"; sourceTree = "<group>"; };
		6689947EB033B3CA9A8C6BDE /* libPods-RAC_LoginVew.a */ = {isa = PBXFileReference; explicitFileType = archive.ar; includeInIndex = 0; path = "libPods-RAC_LoginVew.a"; sourceTree = BUILT_PRODUCTS_DIR; };
		737F449850C71C9D254E461F /* Pods-RAC_LoginVew.release.xcconfig */ = {isa = PBXFileReference; includeInIndex = 1; lastKnownFileType = text.xcconfig; name = "Pods-RAC_LoginVew.release.xcconfig"; path = "Pods/Target Support Files/Pods-RAC_LoginVew/Pods-RAC_LoginVew.release.xcconfig"; sourceTree = "<group>"; };
		87D05F361FDB867700FD2038 /* RAC_LoginVew.app */ = {isa = PBXFileReference; explicitFileType = wrapper.application; includeInIndex = 0; path = RAC_LoginVew.app; sourceTree = BUILT_PRODUCTS_DIR; };
		87D05F391FDB867700FD2038 /* AppDelegate.h */ = {isa = PBXFileReference; lastKnownFileType = sourcecode.c.h; path = AppDelegate.h; sourceTree = "<group>"; };
		87D05F3A1FDB867700FD2038 /* AppDelegate.m */ = {isa = PBXFileReference; lastKnownFileType = sourcecode.c.objc; path = AppDelegate.m; sourceTree = "<group>"; };
		87D05F3C1FDB867700FD2038 /* ViewController.h */ = {isa = PBXFileReference; lastKnownFileType = sourcecode.c.h; path = ViewController.h; sourceTree = "<group>"; };
		87D05F3D1FDB867700FD2038 /* ViewController.m */ = {isa = PBXFileReference; lastKnownFileType = sourcecode.c.objc; path = ViewController.m; sourceTree = "<group>"; };
		87D05F401FDB867700FD2038 /* Base */ = {isa = PBXFileReference; lastKnownFileType = file.storyboard; name = Base; path = Base.lproj/Main.storyboard; sourceTree = "<group>"; };
		87D05F421FDB867700FD2038 /* Assets.xcassets */ = {isa = PBXFileReference; lastKnownFileType = folder.assetcatalog; path = Assets.xcassets; sourceTree = "<group>"; };
		87D05F451FDB867700FD2038 /* Base */ = {isa = PBXFileReference; lastKnownFileType = file.storyboard; name = Base; path = Base.lproj/LaunchScreen.storyboard; sourceTree = "<group>"; };
		87D05F471FDB867700FD2038 /* Info.plist */ = {isa = PBXFileReference; lastKnownFileType = text.plist.xml; path = Info.plist; sourceTree = "<group>"; };
		87D05F481FDB867700FD2038 /* main.m */ = {isa = PBXFileReference; lastKnownFileType = sourcecode.c.objc; path = main.m; sourceTree = "<group>"; };
/* End PBXFileReference section */

/* Begin PBXFrameworksBuildPhase section */
		87D05F331FDB867700FD2038 /* Frameworks */ = {
			isa = PBXFrameworksBuildPhase;
			buildActionMask = 2147483647;
			files = (
				814AADB382C2A44516535B67 /* libPods-RAC_LoginVew.a in Frameworks */,
			);
			runOnlyForDeploymentPostprocessing = 0;
		};
/* End PBXFrameworksBuildPhase section */

/* Begin PBXGroup section */
		05A417E0C2671A299290C36D /* Frameworks */ = {
			isa = PBXGroup;
			children = (
				6689947EB033B3CA9A8C6BDE /* libPods-RAC_LoginVew.a */,
			);
			name = Frameworks;
			sourceTree = "<group>";
		};
		52B356DA2A0EA377392A9AEC /* Pods */ = {
			isa = PBXGroup;
			children = (
				34D8AABC12A390EEF931DEE1 /* Pods-RAC_LoginVew.debug.xcconfig */,
				737F449850C71C9D254E461F /* Pods-RAC_LoginVew.release.xcconfig */,
			);
			name = Pods;
			sourceTree = "<group>";
		};
		87D05F2D1FDB867700FD2038 = {
			isa = PBXGroup;
			children = (
				87D05F381FDB867700FD2038 /* RAC_LoginVew */,
				87D05F371FDB867700FD2038 /* Products */,
				52B356DA2A0EA377392A9AEC /* Pods */,
				05A417E0C2671A299290C36D /* Frameworks */,
			);
			sourceTree = "<group>";
		};
		87D05F371FDB867700FD2038 /* Products */ = {
			isa = PBXGroup;
			children = (
				87D05F361FDB867700FD2038 /* RAC_LoginVew.app */,
			);
			name = Products;
			sourceTree = "<group>";
		};
		87D05F381FDB867700FD2038 /* RAC_LoginVew */ = {
			isa = PBXGroup;
			children = (
				87D05F391FDB867700FD2038 /* AppDelegate.h */,
				87D05F3A1FDB867700FD2038 /* AppDelegate.m */,
				87D05F3C1FDB867700FD2038 /* ViewController.h */,
				87D05F3D1FDB867700FD2038 /* ViewController.m */,
				87D05F3F1FDB867700FD2038 /* Main.storyboard */,
				87D05F421FDB867700FD2038 /* Assets.xcassets */,
				87D05F441FDB867700FD2038 /* LaunchScreen.storyboard */,
				87D05F471FDB867700FD2038 /* Info.plist */,
				87D05F481FDB867700FD2038 /* main.m */,
			);
			path = RAC_LoginVew;
			sourceTree = "<group>";
		};
/* End PBXGroup section */

/* Begin PBXNativeTarget section */
		87D05F351FDB867700FD2038 /* RAC_LoginVew */ = {
			isa = PBXNativeTarget;
			buildConfigurationList = 87D05F4C1FDB867700FD2038 /* Build configuration list for PBXNativeTarget "RAC_LoginVew" */;
			buildPhases = (
				4165294874AA4D70BE07D65E /* [CP] Check Pods Manifest.lock */,
				87D05F321FDB867700FD2038 /* Sources */,
				87D05F331FDB867700FD2038 /* Frameworks */,
				87D05F341FDB867700FD2038 /* Resources */,
				29E628B2F6DFC95C1E531140 /* [CP] Embed Pods Frameworks */,
				D5A70E15EF5F4B8B4A34BB35 /* [CP] Copy Pods Resources */,
			);
			buildRules = (
			);
			dependencies = (
			);
			name = RAC_LoginVew;
			productName = RAC_LoginVew;
			productReference = 87D05F361FDB867700FD2038 /* RAC_LoginVew.app */;
			productType = "com.apple.product-type.application";
		};
/* End PBXNativeTarget section */

/* Begin PBXProject section */
		87D05F2E1FDB867700FD2038 /* Project object */ = {
			isa = PBXProject;
			attributes = {
				LastUpgradeCheck = 0900;
				ORGANIZATIONNAME = "马朋飞";
				TargetAttributes = {
					87D05F351FDB867700FD2038 = {
						CreatedOnToolsVersion = 9.0;
						ProvisioningStyle = Automatic;
					};
				};
			};
			buildConfigurationList = 87D05F311FDB867700FD2038 /* Build configuration list for PBXProject "RAC_LoginVew" */;
			compatibilityVersion = "Xcode 8.0";
			developmentRegion = en;
			hasScannedForEncodings = 0;
			knownRegions = (
				en,
				Base,
			);
			mainGroup = 87D05F2D1FDB867700FD2038;
			productRefGroup = 87D05F371FDB867700FD2038 /* Products */;
			projectDirPath = "";
			projectRoot = "";
			targets = (
				87D05F351FDB867700FD2038 /* RAC_LoginVew */,
			);
		};
/* End PBXProject section */

/* Begin PBXResourcesBuildPhase section */
		87D05F341FDB867700FD2038 /* Resources */ = {
			isa = PBXResourcesBuildPhase;
			buildActionMask = 2147483647;
			files = (
				87D05F461FDB867700FD2038 /* LaunchScreen.storyboard in Resources */,
				87D05F431FDB867700FD2038 /* Assets.xcassets in Resources */,
				87D05F411FDB867700FD2038 /* Main.storyboard in Resources */,
			);
			runOnlyForDeploymentPostprocessing = 0;
		};
/* End PBXResourcesBuildPhase section */

/* Begin PBXShellScriptBuildPhase section */
		29E628B2F6DFC95C1E531140 /* [CP] Embed Pods Frameworks */ = {
			isa = PBXShellScriptBuildPhase;
			buildActionMask = 2147483647;
			files = (
			);
			inputPaths = (
			);
			name = "[CP] Embed Pods Frameworks";
			outputPaths = (
			);
			runOnlyForDeploymentPostprocessing = 0;
			shellPath = /bin/sh;
			shellScript = "\"${SRCROOT}/Pods/Target Support Files/Pods-RAC_LoginVew/Pods-RAC_LoginVew-frameworks.sh\"\n";
			showEnvVarsInLog = 0;
		};
		4165294874AA4D70BE07D65E /* [CP] Check Pods Manifest.lock */ = {
			isa = PBXShellScriptBuildPhase;
			buildActionMask = 2147483647;
			files = (
			);
			inputPaths = (
				"${PODS_PODFILE_DIR_PATH}/Podfile.lock",
				"${PODS_ROOT}/Manifest.lock",
			);
			name = "[CP] Check Pods Manifest.lock";
			outputPaths = (
				"$(DERIVED_FILE_DIR)/Pods-RAC_LoginVew-checkManifestLockResult.txt",
			);
			runOnlyForDeploymentPostprocessing = 0;
			shellPath = /bin/sh;
			shellScript = "diff \"${PODS_PODFILE_DIR_PATH}/Podfile.lock\" \"${PODS_ROOT}/Manifest.lock\" > /dev/null\nif [ $? != 0 ] ; then\n    # print error to STDERR\n    echo \"error: The sandbox is not in sync with the Podfile.lock. Run 'pod install' or update your CocoaPods installation.\" >&2\n    exit 1\nfi\n# This output is used by Xcode 'outputs' to avoid re-running this script phase.\necho \"SUCCESS\" > \"${SCRIPT_OUTPUT_FILE_0}\"\n";
			showEnvVarsInLog = 0;
		};
		D5A70E15EF5F4B8B4A34BB35 /* [CP] Copy Pods Resources */ = {
			isa = PBXShellScriptBuildPhase;
			buildActionMask = 2147483647;
			files = (
			);
			inputPaths = (
			);
			name = "[CP] Copy Pods Resources";
			outputPaths = (
			);
			runOnlyForDeploymentPostprocessing = 0;
			shellPath = /bin/sh;
			shellScript = "\"${SRCROOT}/Pods/Target Support Files/Pods-RAC_LoginVew/Pods-RAC_LoginVew-resources.sh\"\n";
			showEnvVarsInLog = 0;
		};
/* End PBXShellScriptBuildPhase section */

/* Begin PBXSourcesBuildPhase section */
		87D05F321FDB867700FD2038 /* Sources */ = {
			isa = PBXSourcesBuildPhase;
			buildActionMask = 2147483647;
			files = (
				87D05F3E1FDB867700FD2038 /* ViewController.m in Sources */,
				87D05F491FDB867700FD2038 /* main.m in Sources */,
				87D05F3B1FDB867700FD2038 /* AppDelegate.m in Sources */,
			);
			runOnlyForDeploymentPostprocessing = 0;
		};
/* End PBXSourcesBuildPhase section */

/* Begin PBXVariantGroup section */
		87D05F3F1FDB867700FD2038 /* Main.storyboard */ = {
			isa = PBXVariantGroup;
			children = (
				87D05F401FDB867700FD2038 /* Base */,
			);
			name = Main.storyboard;
			sourceTree = "<group>";
		};
		87D05F441FDB867700FD2038 /* LaunchScreen.storyboard */ = {
			isa = PBXVariantGroup;
			children = (
				87D05F451FDB867700FD2038 /* Base */,
			);
			name = LaunchScreen.storyboard;
			sourceTree = "<group>";
		};
/* End PBXVariantGroup section */

/* Begin XCBuildConfiguration section */
		87D05F4A1FDB867700FD2038 /* Debug */ = {
			isa = XCBuildConfiguration;
			buildSettings = {
				ALWAYS_SEARCH_USER_PATHS = NO;
				CLANG_ANALYZER_NONNULL = YES;
				CLANG_ANALYZER_NUMBER_OBJECT_CONVERSION = YES_AGGRESSIVE;
				CLANG_CXX_LANGUAGE_STANDARD = "gnu++14";
				CLANG_CXX_LIBRARY = "libc++";
				CLANG_ENABLE_MODULES = YES;
				CLANG_ENABLE_OBJC_ARC = YES;
				CLANG_WARN_BLOCK_CAPTURE_AUTORELEASING = YES;
				CLANG_WARN_BOOL_CONVERSION = YES;
				CLANG_WARN_COMMA = YES;
				CLANG_WARN_CONSTANT_CONVERSION = YES;
				CLANG_WARN_DIRECT_OBJC_ISA_USAGE = YES_ERROR;
				CLANG_WARN_DOCUMENTATION_COMMENTS = YES;
				CLANG_WARN_EMPTY_BODY = YES;
				CLANG_WARN_ENUM_CONVERSION = YES;
				CLANG_WARN_INFINITE_RECURSION = YES;
				CLANG_WARN_INT_CONVERSION = YES;
				CLANG_WARN_NON_LITERAL_NULL_CONVERSION = YES;
				CLANG_WARN_OBJC_LITERAL_CONVERSION = YES;
				CLANG_WARN_OBJC_ROOT_CLASS = YES_ERROR;
				CLANG_WARN_RANGE_LOOP_ANALYSIS = YES;
				CLANG_WARN_STRICT_PROTOTYPES = YES;
				CLANG_WARN_SUSPICIOUS_MOVE = YES;
				CLANG_WARN_UNGUARDED_AVAILABILITY = YES_AGGRESSIVE;
				CLANG_WARN_UNREACHABLE_CODE = YES;
				CLANG_WARN__DUPLICATE_METHOD_MATCH = YES;
				CODE_SIGN_IDENTITY = "iPhone Developer";
				COPY_PHASE_STRIP = NO;
				DEBUG_INFORMATION_FORMAT = dwarf;
				ENABLE_STRICT_OBJC_MSGSEND = YES;
				ENABLE_TESTABILITY = YES;
				GCC_C_LANGUAGE_STANDARD = gnu11;
				GCC_DYNAMIC_NO_PIC = NO;
				GCC_NO_COMMON_BLOCKS = YES;
				GCC_OPTIMIZATION_LEVEL = 0;
				GCC_PREPROCESSOR_DEFINITIONS = (
					"DEBUG=1",
					"$(inherited)",
				);
				GCC_WARN_64_TO_32_BIT_CONVERSION = YES;
				GCC_WARN_ABOUT_RETURN_TYPE = YES_ERROR;
				GCC_WARN_UNDECLARED_SELECTOR = YES;
				GCC_WARN_UNINITIALIZED_AUTOS = YES_AGGRESSIVE;
				GCC_WARN_UNUSED_FUNCTION = YES;
				GCC_WARN_UNUSED_VARIABLE = YES;
				IPHONEOS_DEPLOYMENT_TARGET = 11.0;
				MTL_ENABLE_DEBUG_INFO = YES;
				ONLY_ACTIVE_ARCH = YES;
				SDKROOT = iphoneos;
			};
			name = Debug;
		};
		87D05F4B1FDB867700FD2038 /* Release */ = {
			isa = XCBuildConfiguration;
			buildSettings = {
				ALWAYS_SEARCH_USER_PATHS = NO;
				CLANG_ANALYZER_NONNULL = YES;
				CLANG_ANALYZER_NUMBER_OBJECT_CONVERSION = YES_AGGRESSIVE;
				CLANG_CXX_LANGUAGE_STANDARD = "gnu++14";
				CLANG_CXX_LIBRARY = "libc++";
				CLANG_ENABLE_MODULES = YES;
				CLANG_ENABLE_OBJC_ARC = YES;
				CLANG_WARN_BLOCK_CAPTURE_AUTORELEASING = YES;
				CLANG_WARN_BOOL_CONVERSION = YES;
				CLANG_WARN_COMMA = YES;
				CLANG_WARN_CONSTANT_CONVERSION = YES;
				CLANG_WARN_DIRECT_OBJC_ISA_USAGE = YES_ERROR;
				CLANG_WARN_DOCUMENTATION_COMMENTS = YES;
				CLANG_WARN_EMPTY_BODY = YES;
				CLANG_WARN_ENUM_CONVERSION = YES;
				CLANG_WARN_INFINITE_RECURSION = YES;
				CLANG_WARN_INT_CONVERSION = YES;
				CLANG_WARN_NON_LITERAL_NULL_CONVERSION = YES;
				CLANG_WARN_OBJC_LITERAL_CONVERSION = YES;
				CLANG_WARN_OBJC_ROOT_CLASS = YES_ERROR;
				CLANG_WARN_RANGE_LOOP_ANALYSIS = YES;
				CLANG_WARN_STRICT_PROTOTYPES = YES;
				CLANG_WARN_SUSPICIOUS_MOVE = YES;
				CLANG_WARN_UNGUARDED_AVAILABILITY = YES_AGGRESSIVE;
				CLANG_WARN_UNREACHABLE_CODE = YES;
				CLANG_WARN__DUPLICATE_METHOD_MATCH = YES;
				CODE_SIGN_IDENTITY = "iPhone Developer";
				COPY_PHASE_STRIP = NO;
				DEBUG_INFORMATION_FORMAT = "dwarf-with-dsym";
				ENABLE_NS_ASSERTIONS = NO;
				ENABLE_STRICT_OBJC_MSGSEND = YES;
				GCC_C_LANGUAGE_STANDARD = gnu11;
				GCC_NO_COMMON_BLOCKS = YES;
				GCC_WARN_64_TO_32_BIT_CONVERSION = YES;
				GCC_WARN_ABOUT_RETURN_TYPE = YES_ERROR;
				GCC_WARN_UNDECLARED_SELECTOR = YES;
				GCC_WARN_UNINITIALIZED_AUTOS = YES_AGGRESSIVE;
				GCC_WARN_UNUSED_FUNCTION = YES;
				GCC_WARN_UNUSED_VARIABLE = YES;
				IPHONEOS_DEPLOYMENT_TARGET = 11.0;
				MTL_ENABLE_DEBUG_INFO = NO;
				SDKROOT = iphoneos;
				VALIDATE_PRODUCT = YES;
			};
			name = Release;
		};
		87D05F4D1FDB867700FD2038 /* Debug */ = {
			isa = XCBuildConfiguration;
			baseConfigurationReference = 34D8AABC12A390EEF931DEE1 /* Pods-RAC_LoginVew.debug.xcconfig */;
			buildSettings = {
				ASSETCATALOG_COMPILER_APPICON_NAME = AppIcon;
				CODE_SIGN_STYLE = Automatic;
				DEVELOPMENT_TEAM = 7PQ2VUKNZS;
				INFOPLIST_FILE = RAC_LoginVew/Info.plist;
				LD_RUNPATH_SEARCH_PATHS = "$(inherited) @executable_path/Frameworks";
				PRODUCT_BUNDLE_IDENTIFIER = "com.test.RAC-LoginVew";
				PRODUCT_NAME = "$(TARGET_NAME)";
				TARGETED_DEVICE_FAMILY = "1,2";
			};
			name = Debug;
		};
		87D05F4E1FDB867700FD2038 /* Release */ = {
			isa = XCBuildConfiguration;
			baseConfigurationReference = 737F449850C71C9D254E461F /* Pods-RAC_LoginVew.release.xcconfig */;
			buildSettings = {
				ASSETCATALOG_COMPILER_APPICON_NAME = AppIcon;
				CODE_SIGN_STYLE = Automatic;
				DEVELOPMENT_TEAM = 7PQ2VUKNZS;
				INFOPLIST_FILE = RAC_LoginVew/Info.plist;
				LD_RUNPATH_SEARCH_PATHS = "$(inherited) @executable_path/Frameworks";
				PRODUCT_BUNDLE_IDENTIFIER = "com.test.RAC-LoginVew";
				PRODUCT_NAME = "$(TARGET_NAME)";
				TARGETED_DEVICE_FAMILY = "1,2";
			};
			name = Release;
		};
/* End XCBuildConfiguration section */

/* Begin XCConfigurationList section */
		87D05F311FDB867700FD2038 /* Build configuration list for PBXProject "RAC_LoginVew" */ = {
			isa = XCConfigurationList;
			buildConfigurations = (
				87D05F4A1FDB867700FD2038 /* Debug */,
				87D05F4B1FDB867700FD2038 /* Release */,
			);
			defaultConfigurationIsVisible = 0;
			defaultConfigurationName = Release;
		};
		87D05F4C1FDB867700FD2038 /* Build configuration list for PBXNativeTarget "RAC_LoginVew" */ = {
			isa = XCConfigurationList;
			buildConfigurations = (
				87D05F4D1FDB867700FD2038 /* Debug */,
				87D05F4E1FDB867700FD2038 /* Release */,
			);
			defaultConfigurationIsVisible = 0;
			defaultConfigurationName = Release;
		};
/* End XCConfigurationList section */
	};
	rootObject = 87D05F2E1FDB867700FD2038 /* Project object */;
}
